github.com/vpertj/glog v0.1.3 h1:GxBrvM3GvaQMYWGewbfg8/1FMJi9Aalmb6Pr2Uk93to=
github.com/vpertj/glog v0.1.3/go.mod h1:UYSrkPHAEgagj5SuFh1yT3gYiLc6RkP5AIUXka0BSuU=
github.com/vpertj/gotool v0.1.1 h1:sbLt0HKi7x/e1dr0pDGbJy7a4IBZTUnTUy5g9+76Ge4=
github.com/vpertj/gotool v0.1.1/go.mod h1:CQ8AxFg8VaaXA5rkS5Cn2B7Ou5XVDYDKfIFbu9PUesk=
